
Microsoft Visual Studio Solution File, Format Version 12.00
# Visual Studio 15
VisualStudioVersion = 15.0.27130.2003
MinimumVisualStudioVersion = 10.0.40219.1
Project("{E24C65DC-7377-472B-9ABA-BC803B73C61A}") = "FancyComments.TestWeb", "FancyComments.TestWeb\", "{41DB1CB8-15B3-48C8-8C0E-8D2CC1834AB9}"
	ProjectSection(WebsiteProperties) = preProject
		TargetFrameworkMoniker = ".NETFramework,Version%3Dv4.6.1"
		Debug.AspNetCompiler.VirtualPath = "/localhost_49781"
		Debug.AspNetCompiler.PhysicalPath = "FancyComments.TestWeb\"
		Debug.AspNetCompiler.TargetPath = "PrecompiledWeb\localhost_49781\"
		Debug.AspNetCompiler.Updateable = "true"
		Debug.AspNetCompiler.ForceOverwrite = "true"
		Debug.AspNetCompiler.FixedNames = "false"
		Debug.AspNetCompiler.Debug = "True"
		Release.AspNetCompiler.VirtualPath = "/localhost_49781"
		Release.AspNetCompiler.PhysicalPath = "FancyComments.TestWeb\"
		Release.AspNetCompiler.TargetPath = "PrecompiledWeb\localhost_49781\"
		Release.AspNetCompiler.Updateable = "true"
		Release.AspNetCompiler.ForceOverwrite = "true"
		Release.AspNetCompiler.FixedNames = "false"
		Release.AspNetCompiler.Debug = "False"
		VWDPort = "49781"
		SlnRelativePath = "FancyComments.TestWeb\"
		DefaultWebSiteLanguage = "Visual C#"
	EndProjectSection
EndProject
Global
	GlobalSection(SolutionConfigurationPlatforms) = preSolution
		Debug|Any CPU = Debug|Any CPU
	EndGlobalSection
	GlobalSection(ProjectConfigurationPlatforms) = postSolution
		{41DB1CB8-15B3-48C8-8C0E-8D2CC1834AB9}.Debug|Any CPU.ActiveCfg = Debug|Any CPU
		{41DB1CB8-15B3-48C8-8C0E-8D2CC1834AB9}.Debug|Any CPU.Build.0 = Debug|Any CPU
	EndGlobalSection
	GlobalSection(SolutionProperties) = preSolution
		HideSolutionNode = FALSE
	EndGlobalSection
	GlobalSection(ExtensibilityGlobals) = postSolution
		SolutionGuid = {2E282E36-C99D-487B-B67B-B2CC92C2AD93}
	EndGlobalSection
EndGlobal
